<?xml version="1.0" encoding="UTF-8" standalone="yes" ?>
<CodeBlocks_project_file>
	<FileVersion major="1" minor="6" />
	<Project>
		<Option title="TrafficController" />
		<Option pch_mode="2" />
		<Option compiler="gcc" />
		<Build>
			<Target title="Debug">
				<Option output="..\..\Build\Win32\TrafficControllerD" prefix_auto="1" extension_auto="1" />
				<Option object_output="obj\Debug\" />
				<Option type="1" />
				<Option compiler="gcc" />
				<Compiler>
					<Add option="-g" />
					<Add option="-DJSON_IS_AMALGAMATION" />
					<Add directory="..\..\Source\Libs\JSoncpp-0.6" />
				</Compiler>
			</Target>
			<Target title="Release">
				<Option output="..\..\Build\Win32\TrafficController" prefix_auto="1" extension_auto="1" />
				<Option object_output="obj\Release\" />
				<Option type="1" />
				<Option compiler="gcc" />
				<Compiler>
					<Add option="-O2" />
					<Add option="-DJSON_IS_AMALGAMATION" />
					<Add directory="..\..\Source\Libs\JSoncpp-0.6" />
				</Compiler>
				<Linker>
					<Add option="-s" />
				</Linker>
			</Target>
		</Build>
		<Compiler>
			<Add option="-Wall" />
			<Add option="-fexceptions" />
			<Add option="-DJSON_IS_AMALGAMATION" />
			<Add directory="..\..\Source\Libs\RuneSocket\include" />
		</Compiler>
		<Linker>
			<Add library="libws2_32.a" />
		</Linker>
		<Unit filename="..\..\Source\TrafficController\Network\BaseSocket.cpp" />
		<Unit filename="..\..\Source\TrafficController\Network\BaseSocket.h" />
		<Unit filename="..\..\Source\TrafficController\Network\RuneDataSocket.cpp" />
		<Unit filename="..\..\Source\TrafficController\Network\RuneDataSocket.h" />
		<Unit filename="..\..\Source\TrafficController\Network\RuneListenSocket.cpp" />
		<Unit filename="..\..\Source\TrafficController\Network\RuneListenSocket.h" />
		<Unit filename="..\..\Source\TrafficController\Network\RuneSocket.h" />
		<Unit filename="..\..\Source\TrafficController\Network\RuneSocketDefs.h" />
		<Unit filename="..\..\Source\TrafficController\Network\RuneSocketError.cpp" />
		<Unit filename="..\..\Source\TrafficController\Network\RuneSocketError.h" />
		<Unit filename="..\..\Source\TrafficController\Network\RuneSocketSet.cpp" />
		<Unit filename="..\..\Source\TrafficController\Network\RuneSocketSet.h" />
		<Unit filename="..\..\Source\TrafficController\Network\RuneSocketUtil.cpp" />
		<Unit filename="..\..\Source\TrafficController\Network\RuneSocketUtil.h" />
		<Unit filename="..\..\Source\TrafficController\TrafficDefs.h" />
		<Unit filename="..\..\Source\TrafficController\cSimulationModel.h" />
		<Unit filename="..\..\Source\TrafficController\cTrafficController.h" />
		<Unit filename="..\..\Source\TrafficController\jsoncpp.cpp" />
		<Unit filename="..\..\Source\TrafficController\main.cpp" />
		<Extensions>
			<code_completion />
			<debugger />
		</Extensions>
	</Project>
</CodeBlocks_project_file>
